
Microsoft Visual Studio Solution File, Format Version 12.00
# Visual Studio 15
VisualStudioVersion = 15.0.28307.421
MinimumVisualStudioVersion = 10.0.40219.1
Project("{FAE04EC0-301F-11D3-BF4B-00C04F79EFBC}") = "Redman Rescue", "Redman Rescue\Redman Rescue.csproj", "{91D3E6CE-1DDD-4DDA-8CAE-4D8D600E0D84}"
EndProject
Global
	GlobalSection(SolutionConfigurationPlatforms) = preSolution
		Debug|Any CPU = Debug|Any CPU
		Release|Any CPU = Release|Any CPU
	EndGlobalSection
	GlobalSection(ProjectConfigurationPlatforms) = postSolution
		{91D3E6CE-1DDD-4DDA-8CAE-4D8D600E0D84}.Debug|Any CPU.ActiveCfg = Debug|Any CPU
		{91D3E6CE-1DDD-4DDA-8CAE-4D8D600E0D84}.Debug|Any CPU.Build.0 = Debug|Any CPU
		{91D3E6CE-1DDD-4DDA-8CAE-4D8D600E0D84}.Release|Any CPU.ActiveCfg = Release|Any CPU
		{91D3E6CE-1DDD-4DDA-8CAE-4D8D600E0D84}.Release|Any CPU.Build.0 = Release|Any CPU
	EndGlobalSection
	GlobalSection(SolutionProperties) = preSolution
		HideSolutionNode = FALSE
	EndGlobalSection
	GlobalSection(ExtensibilityGlobals) = postSolution
		SolutionGuid = {78D33423-7D32-49A8-BD32-374297E038B2}
	EndGlobalSection
EndGlobal
